
Microsoft Visual Studio Solution File, Format Version 9.00
# Visual C++ Express 2005
Project("{8BC9CEB8-8B4A-11D0-8D11-00A0C91BC942}") = "jsoglft", "jsoglft.vcproj", "{0A8736B8-651F-4F4D-8A2A-82A9BBEA862E}"
EndProject
Global
	GlobalSection(SolutionConfigurationPlatforms) = preSolution
		DBG|Win32 = DBG|Win32
		Debug Multithreaded|Win32 = Debug Multithreaded|Win32
		Debug Singlethreaded|Win32 = Debug Singlethreaded|Win32
		Debug|Win32 = Debug|Win32
		OPT|Win32 = OPT|Win32
		Release Multithreaded|Win32 = Release Multithreaded|Win32
		Release Singlethreaded|Win32 = Release Singlethreaded|Win32
		Release|Win32 = Release|Win32
	EndGlobalSection
	GlobalSection(ProjectConfigurationPlatforms) = postSolution
		{0A8736B8-651F-4F4D-8A2A-82A9BBEA862E}.DBG|Win32.ActiveCfg = DBG|Win32
		{0A8736B8-651F-4F4D-8A2A-82A9BBEA862E}.DBG|Win32.Build.0 = DBG|Win32
		{0A8736B8-651F-4F4D-8A2A-82A9BBEA862E}.Debug Multithreaded|Win32.ActiveCfg = DBG|Win32
		{0A8736B8-651F-4F4D-8A2A-82A9BBEA862E}.Debug Multithreaded|Win32.Build.0 = DBG|Win32
		{0A8736B8-651F-4F4D-8A2A-82A9BBEA862E}.Debug Singlethreaded|Win32.ActiveCfg = DBG|Win32
		{0A8736B8-651F-4F4D-8A2A-82A9BBEA862E}.Debug Singlethreaded|Win32.Build.0 = DBG|Win32
		{0A8736B8-651F-4F4D-8A2A-82A9BBEA862E}.Debug|Win32.ActiveCfg = DBG|Win32
		{0A8736B8-651F-4F4D-8A2A-82A9BBEA862E}.Debug|Win32.Build.0 = DBG|Win32
		{0A8736B8-651F-4F4D-8A2A-82A9BBEA862E}.OPT|Win32.ActiveCfg = OPT|Win32
		{0A8736B8-651F-4F4D-8A2A-82A9BBEA862E}.OPT|Win32.Build.0 = OPT|Win32
		{0A8736B8-651F-4F4D-8A2A-82A9BBEA862E}.Release Multithreaded|Win32.ActiveCfg = OPT|Win32
		{0A8736B8-651F-4F4D-8A2A-82A9BBEA862E}.Release Multithreaded|Win32.Build.0 = OPT|Win32
		{0A8736B8-651F-4F4D-8A2A-82A9BBEA862E}.Release Singlethreaded|Win32.ActiveCfg = OPT|Win32
		{0A8736B8-651F-4F4D-8A2A-82A9BBEA862E}.Release Singlethreaded|Win32.Build.0 = OPT|Win32
		{0A8736B8-651F-4F4D-8A2A-82A9BBEA862E}.Release|Win32.ActiveCfg = OPT|Win32
		{0A8736B8-651F-4F4D-8A2A-82A9BBEA862E}.Release|Win32.Build.0 = OPT|Win32
	EndGlobalSection
	GlobalSection(SolutionProperties) = preSolution
		HideSolutionNode = FALSE
	EndGlobalSection
EndGlobal
