
Microsoft Visual Studio Solution File, Format Version 9.00
# Visual C++ Express 2005
Project("{8BC9CEB8-8B4A-11D0-8D11-00A0C91BC942}") = "jsvst", "jsvst.vcproj", "{89DBB334-D119-42AF-B5A3-1173F76E4932}"
	ProjectSection(ProjectDependencies) = postProject
		{22775C92-2F7C-407A-B01F-D8520E9F3452} = {22775C92-2F7C-407A-B01F-D8520E9F3452}
		{D4BEBD98-DA8D-4A28-8AE6-FDE860E3E51F} = {D4BEBD98-DA8D-4A28-8AE6-FDE860E3E51F}
	EndProjectSection
EndProject
Project("{8BC9CEB8-8B4A-11D0-8D11-00A0C91BC942}") = "vst", "..\..\libs\vst\vst.vcproj", "{D4BEBD98-DA8D-4A28-8AE6-FDE860E3E51F}"
EndProject
Project("{8BC9CEB8-8B4A-11D0-8D11-00A0C91BC942}") = "host", "..\host\host.vcproj", "{22775C92-2F7C-407A-B01F-D8520E9F3452}"
	ProjectSection(ProjectDependencies) = postProject
		{55E2B3AE-3CA1-4DB6-97F7-0A044D6F446F} = {55E2B3AE-3CA1-4DB6-97F7-0A044D6F446F}
		{F432DBF2-5EF1-4EE9-A98D-03CD47287C11} = {F432DBF2-5EF1-4EE9-A98D-03CD47287C11}
	EndProjectSection
EndProject
Project("{8BC9CEB8-8B4A-11D0-8D11-00A0C91BC942}") = "jslang", "..\jslang\jslang.vcproj", "{F432DBF2-5EF1-4EE9-A98D-03CD47287C11}"
EndProject
Project("{8BC9CEB8-8B4A-11D0-8D11-00A0C91BC942}") = "libtcmalloc_minimal", "..\..\libs\perftools\libtcmalloc_minimal.vcproj", "{55E2B3AE-3CA1-4DB6-97F7-0A044D6F446F}"
EndProject
Global
	GlobalSection(SolutionConfigurationPlatforms) = preSolution
		DBG|Win32 = DBG|Win32
		Debug|Win32 = Debug|Win32
		OPT|Win32 = OPT|Win32
		Release|Win32 = Release|Win32
	EndGlobalSection
	GlobalSection(ProjectConfigurationPlatforms) = postSolution
		{89DBB334-D119-42AF-B5A3-1173F76E4932}.DBG|Win32.ActiveCfg = DBG|Win32
		{89DBB334-D119-42AF-B5A3-1173F76E4932}.DBG|Win32.Build.0 = DBG|Win32
		{89DBB334-D119-42AF-B5A3-1173F76E4932}.Debug|Win32.ActiveCfg = DBG|Win32
		{89DBB334-D119-42AF-B5A3-1173F76E4932}.Debug|Win32.Build.0 = DBG|Win32
		{89DBB334-D119-42AF-B5A3-1173F76E4932}.OPT|Win32.ActiveCfg = OPT|Win32
		{89DBB334-D119-42AF-B5A3-1173F76E4932}.OPT|Win32.Build.0 = OPT|Win32
		{89DBB334-D119-42AF-B5A3-1173F76E4932}.Release|Win32.ActiveCfg = OPT|Win32
		{89DBB334-D119-42AF-B5A3-1173F76E4932}.Release|Win32.Build.0 = OPT|Win32
		{D4BEBD98-DA8D-4A28-8AE6-FDE860E3E51F}.DBG|Win32.ActiveCfg = Debug|Win32
		{D4BEBD98-DA8D-4A28-8AE6-FDE860E3E51F}.DBG|Win32.Build.0 = Debug|Win32
		{D4BEBD98-DA8D-4A28-8AE6-FDE860E3E51F}.Debug|Win32.ActiveCfg = Debug|Win32
		{D4BEBD98-DA8D-4A28-8AE6-FDE860E3E51F}.Debug|Win32.Build.0 = Debug|Win32
		{D4BEBD98-DA8D-4A28-8AE6-FDE860E3E51F}.OPT|Win32.ActiveCfg = Release|Win32
		{D4BEBD98-DA8D-4A28-8AE6-FDE860E3E51F}.OPT|Win32.Build.0 = Release|Win32
		{D4BEBD98-DA8D-4A28-8AE6-FDE860E3E51F}.Release|Win32.ActiveCfg = Release|Win32
		{D4BEBD98-DA8D-4A28-8AE6-FDE860E3E51F}.Release|Win32.Build.0 = Release|Win32
		{22775C92-2F7C-407A-B01F-D8520E9F3452}.DBG|Win32.ActiveCfg = DBG|Win32
		{22775C92-2F7C-407A-B01F-D8520E9F3452}.DBG|Win32.Build.0 = DBG|Win32
		{22775C92-2F7C-407A-B01F-D8520E9F3452}.Debug|Win32.ActiveCfg = DBG|Win32
		{22775C92-2F7C-407A-B01F-D8520E9F3452}.Debug|Win32.Build.0 = DBG|Win32
		{22775C92-2F7C-407A-B01F-D8520E9F3452}.OPT|Win32.ActiveCfg = OPT|Win32
		{22775C92-2F7C-407A-B01F-D8520E9F3452}.OPT|Win32.Build.0 = OPT|Win32
		{22775C92-2F7C-407A-B01F-D8520E9F3452}.Release|Win32.ActiveCfg = OPT|Win32
		{22775C92-2F7C-407A-B01F-D8520E9F3452}.Release|Win32.Build.0 = OPT|Win32
		{F432DBF2-5EF1-4EE9-A98D-03CD47287C11}.DBG|Win32.ActiveCfg = DBG|Win32
		{F432DBF2-5EF1-4EE9-A98D-03CD47287C11}.DBG|Win32.Build.0 = DBG|Win32
		{F432DBF2-5EF1-4EE9-A98D-03CD47287C11}.Debug|Win32.ActiveCfg = DBG|Win32
		{F432DBF2-5EF1-4EE9-A98D-03CD47287C11}.Debug|Win32.Build.0 = DBG|Win32
		{F432DBF2-5EF1-4EE9-A98D-03CD47287C11}.OPT|Win32.ActiveCfg = OPT|Win32
		{F432DBF2-5EF1-4EE9-A98D-03CD47287C11}.OPT|Win32.Build.0 = OPT|Win32
		{F432DBF2-5EF1-4EE9-A98D-03CD47287C11}.Release|Win32.ActiveCfg = OPT|Win32
		{F432DBF2-5EF1-4EE9-A98D-03CD47287C11}.Release|Win32.Build.0 = OPT|Win32
		{55E2B3AE-3CA1-4DB6-97F7-0A044D6F446F}.DBG|Win32.ActiveCfg = Debug|Win32
		{55E2B3AE-3CA1-4DB6-97F7-0A044D6F446F}.DBG|Win32.Build.0 = Debug|Win32
		{55E2B3AE-3CA1-4DB6-97F7-0A044D6F446F}.Debug|Win32.ActiveCfg = Debug|Win32
		{55E2B3AE-3CA1-4DB6-97F7-0A044D6F446F}.Debug|Win32.Build.0 = Debug|Win32
		{55E2B3AE-3CA1-4DB6-97F7-0A044D6F446F}.OPT|Win32.ActiveCfg = Release|Win32
		{55E2B3AE-3CA1-4DB6-97F7-0A044D6F446F}.OPT|Win32.Build.0 = Release|Win32
		{55E2B3AE-3CA1-4DB6-97F7-0A044D6F446F}.Release|Win32.ActiveCfg = Release|Win32
		{55E2B3AE-3CA1-4DB6-97F7-0A044D6F446F}.Release|Win32.Build.0 = Release|Win32
	EndGlobalSection
	GlobalSection(SolutionProperties) = preSolution
		HideSolutionNode = FALSE
	EndGlobalSection
EndGlobal
