
Microsoft Visual Studio Solution File, Format Version 9.00
# Visual C++ Express 2005
Project("{8BC9CEB8-8B4A-11D0-8D11-00A0C91BC942}") = "jsode", "jsode.vcproj", "{F96A90A1-2DFB-4C89-BFEF-9B703D2A78EE}"
	ProjectSection(ProjectDependencies) = postProject
		{80E535F1-2E11-8F4F-9194-D9BD53ADCCA2} = {80E535F1-2E11-8F4F-9194-D9BD53ADCCA2}
	EndProjectSection
EndProject
Project("{8BC9CEB8-8B4A-11D0-8D11-00A0C91BC942}") = "ode", "..\..\libs\ode\ode.vcproj", "{80E535F1-2E11-8F4F-9194-D9BD53ADCCA2}"
EndProject
Global
	GlobalSection(SolutionConfigurationPlatforms) = preSolution
		DBG|Win32 = DBG|Win32
		DebugDoubleLib|Win32 = DebugDoubleLib|Win32
		DebugSingleLib|Win32 = DebugSingleLib|Win32
		OPT|Win32 = OPT|Win32
		ReleaseDoubleLib|Win32 = ReleaseDoubleLib|Win32
		ReleaseSingleLib|Win32 = ReleaseSingleLib|Win32
	EndGlobalSection
	GlobalSection(ProjectConfigurationPlatforms) = postSolution
		{F96A90A1-2DFB-4C89-BFEF-9B703D2A78EE}.DBG|Win32.ActiveCfg = DBG|Win32
		{F96A90A1-2DFB-4C89-BFEF-9B703D2A78EE}.DBG|Win32.Build.0 = DBG|Win32
		{F96A90A1-2DFB-4C89-BFEF-9B703D2A78EE}.DebugDoubleLib|Win32.ActiveCfg = DBG|Win32
		{F96A90A1-2DFB-4C89-BFEF-9B703D2A78EE}.DebugDoubleLib|Win32.Build.0 = DBG|Win32
		{F96A90A1-2DFB-4C89-BFEF-9B703D2A78EE}.DebugSingleLib|Win32.ActiveCfg = DBG|Win32
		{F96A90A1-2DFB-4C89-BFEF-9B703D2A78EE}.DebugSingleLib|Win32.Build.0 = DBG|Win32
		{F96A90A1-2DFB-4C89-BFEF-9B703D2A78EE}.OPT|Win32.ActiveCfg = OPT|Win32
		{F96A90A1-2DFB-4C89-BFEF-9B703D2A78EE}.OPT|Win32.Build.0 = OPT|Win32
		{F96A90A1-2DFB-4C89-BFEF-9B703D2A78EE}.ReleaseDoubleLib|Win32.ActiveCfg = OPT|Win32
		{F96A90A1-2DFB-4C89-BFEF-9B703D2A78EE}.ReleaseDoubleLib|Win32.Build.0 = OPT|Win32
		{F96A90A1-2DFB-4C89-BFEF-9B703D2A78EE}.ReleaseSingleLib|Win32.ActiveCfg = OPT|Win32
		{F96A90A1-2DFB-4C89-BFEF-9B703D2A78EE}.ReleaseSingleLib|Win32.Build.0 = OPT|Win32
		{80E535F1-2E11-8F4F-9194-D9BD53ADCCA2}.DBG|Win32.ActiveCfg = DebugSingleLib|Win32
		{80E535F1-2E11-8F4F-9194-D9BD53ADCCA2}.DBG|Win32.Build.0 = DebugSingleLib|Win32
		{80E535F1-2E11-8F4F-9194-D9BD53ADCCA2}.DebugDoubleLib|Win32.ActiveCfg = DebugDoubleLib|Win32
		{80E535F1-2E11-8F4F-9194-D9BD53ADCCA2}.DebugDoubleLib|Win32.Build.0 = DebugDoubleLib|Win32
		{80E535F1-2E11-8F4F-9194-D9BD53ADCCA2}.DebugSingleLib|Win32.ActiveCfg = DebugSingleLib|Win32
		{80E535F1-2E11-8F4F-9194-D9BD53ADCCA2}.DebugSingleLib|Win32.Build.0 = DebugSingleLib|Win32
		{80E535F1-2E11-8F4F-9194-D9BD53ADCCA2}.OPT|Win32.ActiveCfg = ReleaseSingleLib|Win32
		{80E535F1-2E11-8F4F-9194-D9BD53ADCCA2}.OPT|Win32.Build.0 = ReleaseSingleLib|Win32
		{80E535F1-2E11-8F4F-9194-D9BD53ADCCA2}.ReleaseDoubleLib|Win32.ActiveCfg = ReleaseDoubleLib|Win32
		{80E535F1-2E11-8F4F-9194-D9BD53ADCCA2}.ReleaseDoubleLib|Win32.Build.0 = ReleaseDoubleLib|Win32
		{80E535F1-2E11-8F4F-9194-D9BD53ADCCA2}.ReleaseSingleLib|Win32.ActiveCfg = ReleaseSingleLib|Win32
		{80E535F1-2E11-8F4F-9194-D9BD53ADCCA2}.ReleaseSingleLib|Win32.Build.0 = ReleaseSingleLib|Win32
	EndGlobalSection
	GlobalSection(SolutionProperties) = preSolution
		HideSolutionNode = FALSE
	EndGlobalSection
EndGlobal
