
Microsoft Visual Studio Solution File, Format Version 10.00
# Visual C++ Express 2008
Project("{8BC9CEB8-8B4A-11D0-8D11-00A0C91BC942}") = "jssdl", "jssdl.vcproj", "{D05B67BB-0E91-4742-B17D-2E690F058827}"
	ProjectSection(ProjectDependencies) = postProject
		{81CE8DAF-EBB2-4761-8E45-B71ABCCA8C68} = {81CE8DAF-EBB2-4761-8E45-B71ABCCA8C68}
	EndProjectSection
EndProject
Project("{8BC9CEB8-8B4A-11D0-8D11-00A0C91BC942}") = "SDL", "..\..\libs\sdl\SDL.vcproj", "{81CE8DAF-EBB2-4761-8E45-B71ABCCA8C68}"
EndProject
Global
	GlobalSection(SolutionConfigurationPlatforms) = preSolution
		DBG|Win32 = DBG|Win32
		OPT|Win32 = OPT|Win32
	EndGlobalSection
	GlobalSection(ProjectConfigurationPlatforms) = postSolution
		{D05B67BB-0E91-4742-B17D-2E690F058827}.DBG|Win32.ActiveCfg = DBG|Win32
		{D05B67BB-0E91-4742-B17D-2E690F058827}.DBG|Win32.Build.0 = DBG|Win32
		{D05B67BB-0E91-4742-B17D-2E690F058827}.OPT|Win32.ActiveCfg = OPT|Win32
		{D05B67BB-0E91-4742-B17D-2E690F058827}.OPT|Win32.Build.0 = OPT|Win32
		{81CE8DAF-EBB2-4761-8E45-B71ABCCA8C68}.DBG|Win32.ActiveCfg = Debug|Win32
		{81CE8DAF-EBB2-4761-8E45-B71ABCCA8C68}.DBG|Win32.Build.0 = Debug|Win32
		{81CE8DAF-EBB2-4761-8E45-B71ABCCA8C68}.OPT|Win32.ActiveCfg = Release|Win32
		{81CE8DAF-EBB2-4761-8E45-B71ABCCA8C68}.OPT|Win32.Build.0 = Release|Win32
	EndGlobalSection
	GlobalSection(SolutionProperties) = preSolution
		HideSolutionNode = FALSE
	EndGlobalSection
EndGlobal
