
Microsoft Visual Studio Solution File, Format Version 9.00
# Visual C++ Express 2005
Project("{8BC9CEB8-8B4A-11D0-8D11-00A0C91BC942}") = "jsimage", "jsimage.vcproj", "{01FF0714-4E8A-45D6-81D9-EBD41CFF24F7}"
	ProjectSection(ProjectDependencies) = postProject
		{C2066F94-8E00-4BC3-9FDD-02CF98AFFB68} = {C2066F94-8E00-4BC3-9FDD-02CF98AFFB68}
		{370FEA7E-E166-453C-999B-E5D8F91558AC} = {370FEA7E-E166-453C-999B-E5D8F91558AC}
	EndProjectSection
EndProject
Project("{8BC9CEB8-8B4A-11D0-8D11-00A0C91BC942}") = "libpng", "..\libpng\src\projects\visualc71\libpng.vcproj", "{370FEA7E-E166-453C-999B-E5D8F91558AC}"
	ProjectSection(ProjectDependencies) = postProject
		{A526C299-DBA5-47FD-BA2A-19EB92497CBA} = {A526C299-DBA5-47FD-BA2A-19EB92497CBA}
	EndProjectSection
EndProject
Project("{8BC9CEB8-8B4A-11D0-8D11-00A0C91BC942}") = "zlib", "..\zlib\src\projects\visualc6\zlib.vcproj", "{A526C299-DBA5-47FD-BA2A-19EB92497CBA}"
EndProject
Project("{8BC9CEB8-8B4A-11D0-8D11-00A0C91BC942}") = "libjpeg", "..\libjpeg\libjpeg.vcproj", "{C2066F94-8E00-4BC3-9FDD-02CF98AFFB68}"
EndProject
Global
	GlobalSection(SolutionConfigurationPlatforms) = preSolution
		Debug|Win32 = Debug|Win32
		DLL ASM Debug|Win32 = DLL ASM Debug|Win32
		DLL ASM Release|Win32 = DLL ASM Release|Win32
		DLL Debug|Win32 = DLL Debug|Win32
		DLL Release|Win32 = DLL Release|Win32
		DLL VB|Win32 = DLL VB|Win32
		LIB ASM Debug|Win32 = LIB ASM Debug|Win32
		LIB ASM Release|Win32 = LIB ASM Release|Win32
		LIB Debug|Win32 = LIB Debug|Win32
		LIB Release|Win32 = LIB Release|Win32
		Release|Win32 = Release|Win32
	EndGlobalSection
	GlobalSection(ProjectConfigurationPlatforms) = postSolution
		{01FF0714-4E8A-45D6-81D9-EBD41CFF24F7}.Debug|Win32.ActiveCfg = Debug|Win32
		{01FF0714-4E8A-45D6-81D9-EBD41CFF24F7}.Debug|Win32.Build.0 = Debug|Win32
		{01FF0714-4E8A-45D6-81D9-EBD41CFF24F7}.DLL ASM Debug|Win32.ActiveCfg = Debug|Win32
		{01FF0714-4E8A-45D6-81D9-EBD41CFF24F7}.DLL ASM Debug|Win32.Build.0 = Debug|Win32
		{01FF0714-4E8A-45D6-81D9-EBD41CFF24F7}.DLL ASM Release|Win32.ActiveCfg = Release|Win32
		{01FF0714-4E8A-45D6-81D9-EBD41CFF24F7}.DLL ASM Release|Win32.Build.0 = Release|Win32
		{01FF0714-4E8A-45D6-81D9-EBD41CFF24F7}.DLL Debug|Win32.ActiveCfg = Debug|Win32
		{01FF0714-4E8A-45D6-81D9-EBD41CFF24F7}.DLL Debug|Win32.Build.0 = Debug|Win32
		{01FF0714-4E8A-45D6-81D9-EBD41CFF24F7}.DLL Release|Win32.ActiveCfg = Release|Win32
		{01FF0714-4E8A-45D6-81D9-EBD41CFF24F7}.DLL Release|Win32.Build.0 = Release|Win32
		{01FF0714-4E8A-45D6-81D9-EBD41CFF24F7}.DLL VB|Win32.ActiveCfg = Debug|Win32
		{01FF0714-4E8A-45D6-81D9-EBD41CFF24F7}.DLL VB|Win32.Build.0 = Debug|Win32
		{01FF0714-4E8A-45D6-81D9-EBD41CFF24F7}.LIB ASM Debug|Win32.ActiveCfg = Debug|Win32
		{01FF0714-4E8A-45D6-81D9-EBD41CFF24F7}.LIB ASM Debug|Win32.Build.0 = Debug|Win32
		{01FF0714-4E8A-45D6-81D9-EBD41CFF24F7}.LIB ASM Release|Win32.ActiveCfg = Release|Win32
		{01FF0714-4E8A-45D6-81D9-EBD41CFF24F7}.LIB ASM Release|Win32.Build.0 = Release|Win32
		{01FF0714-4E8A-45D6-81D9-EBD41CFF24F7}.LIB Debug|Win32.ActiveCfg = Debug|Win32
		{01FF0714-4E8A-45D6-81D9-EBD41CFF24F7}.LIB Debug|Win32.Build.0 = Debug|Win32
		{01FF0714-4E8A-45D6-81D9-EBD41CFF24F7}.LIB Release|Win32.ActiveCfg = Release|Win32
		{01FF0714-4E8A-45D6-81D9-EBD41CFF24F7}.LIB Release|Win32.Build.0 = Release|Win32
		{01FF0714-4E8A-45D6-81D9-EBD41CFF24F7}.Release|Win32.ActiveCfg = Release|Win32
		{01FF0714-4E8A-45D6-81D9-EBD41CFF24F7}.Release|Win32.Build.0 = Release|Win32
		{370FEA7E-E166-453C-999B-E5D8F91558AC}.Debug|Win32.ActiveCfg = LIB Debug|Win32
		{370FEA7E-E166-453C-999B-E5D8F91558AC}.Debug|Win32.Build.0 = LIB Debug|Win32
		{370FEA7E-E166-453C-999B-E5D8F91558AC}.DLL ASM Debug|Win32.ActiveCfg = DLL ASM Debug|Win32
		{370FEA7E-E166-453C-999B-E5D8F91558AC}.DLL ASM Debug|Win32.Build.0 = DLL ASM Debug|Win32
		{370FEA7E-E166-453C-999B-E5D8F91558AC}.DLL ASM Release|Win32.ActiveCfg = DLL ASM Release|Win32
		{370FEA7E-E166-453C-999B-E5D8F91558AC}.DLL ASM Release|Win32.Build.0 = DLL ASM Release|Win32
		{370FEA7E-E166-453C-999B-E5D8F91558AC}.DLL Debug|Win32.ActiveCfg = DLL Debug|Win32
		{370FEA7E-E166-453C-999B-E5D8F91558AC}.DLL Debug|Win32.Build.0 = DLL Debug|Win32
		{370FEA7E-E166-453C-999B-E5D8F91558AC}.DLL Release|Win32.ActiveCfg = DLL Release|Win32
		{370FEA7E-E166-453C-999B-E5D8F91558AC}.DLL Release|Win32.Build.0 = DLL Release|Win32
		{370FEA7E-E166-453C-999B-E5D8F91558AC}.DLL VB|Win32.ActiveCfg = DLL VB|Win32
		{370FEA7E-E166-453C-999B-E5D8F91558AC}.DLL VB|Win32.Build.0 = DLL VB|Win32
		{370FEA7E-E166-453C-999B-E5D8F91558AC}.LIB ASM Debug|Win32.ActiveCfg = LIB ASM Debug|Win32
		{370FEA7E-E166-453C-999B-E5D8F91558AC}.LIB ASM Debug|Win32.Build.0 = LIB ASM Debug|Win32
		{370FEA7E-E166-453C-999B-E5D8F91558AC}.LIB ASM Release|Win32.ActiveCfg = LIB ASM Release|Win32
		{370FEA7E-E166-453C-999B-E5D8F91558AC}.LIB ASM Release|Win32.Build.0 = LIB ASM Release|Win32
		{370FEA7E-E166-453C-999B-E5D8F91558AC}.LIB Debug|Win32.ActiveCfg = LIB Debug|Win32
		{370FEA7E-E166-453C-999B-E5D8F91558AC}.LIB Debug|Win32.Build.0 = LIB Debug|Win32
		{370FEA7E-E166-453C-999B-E5D8F91558AC}.LIB Release|Win32.ActiveCfg = LIB Release|Win32
		{370FEA7E-E166-453C-999B-E5D8F91558AC}.LIB Release|Win32.Build.0 = LIB Release|Win32
		{370FEA7E-E166-453C-999B-E5D8F91558AC}.Release|Win32.ActiveCfg = LIB Release|Win32
		{370FEA7E-E166-453C-999B-E5D8F91558AC}.Release|Win32.Build.0 = LIB Release|Win32
		{A526C299-DBA5-47FD-BA2A-19EB92497CBA}.Debug|Win32.ActiveCfg = LIB Debug|Win32
		{A526C299-DBA5-47FD-BA2A-19EB92497CBA}.Debug|Win32.Build.0 = LIB Debug|Win32
		{A526C299-DBA5-47FD-BA2A-19EB92497CBA}.DLL ASM Debug|Win32.ActiveCfg = DLL ASM Debug|Win32
		{A526C299-DBA5-47FD-BA2A-19EB92497CBA}.DLL ASM Debug|Win32.Build.0 = DLL ASM Debug|Win32
		{A526C299-DBA5-47FD-BA2A-19EB92497CBA}.DLL ASM Release|Win32.ActiveCfg = DLL ASM Release|Win32
		{A526C299-DBA5-47FD-BA2A-19EB92497CBA}.DLL ASM Release|Win32.Build.0 = DLL ASM Release|Win32
		{A526C299-DBA5-47FD-BA2A-19EB92497CBA}.DLL Debug|Win32.ActiveCfg = DLL Debug|Win32
		{A526C299-DBA5-47FD-BA2A-19EB92497CBA}.DLL Debug|Win32.Build.0 = DLL Debug|Win32
		{A526C299-DBA5-47FD-BA2A-19EB92497CBA}.DLL Release|Win32.ActiveCfg = DLL Release|Win32
		{A526C299-DBA5-47FD-BA2A-19EB92497CBA}.DLL Release|Win32.Build.0 = DLL Release|Win32
		{A526C299-DBA5-47FD-BA2A-19EB92497CBA}.DLL VB|Win32.ActiveCfg = DLL Debug|Win32
		{A526C299-DBA5-47FD-BA2A-19EB92497CBA}.DLL VB|Win32.Build.0 = DLL Debug|Win32
		{A526C299-DBA5-47FD-BA2A-19EB92497CBA}.LIB ASM Debug|Win32.ActiveCfg = LIB ASM Debug|Win32
		{A526C299-DBA5-47FD-BA2A-19EB92497CBA}.LIB ASM Debug|Win32.Build.0 = LIB ASM Debug|Win32
		{A526C299-DBA5-47FD-BA2A-19EB92497CBA}.LIB ASM Release|Win32.ActiveCfg = LIB ASM Release|Win32
		{A526C299-DBA5-47FD-BA2A-19EB92497CBA}.LIB ASM Release|Win32.Build.0 = LIB ASM Release|Win32
		{A526C299-DBA5-47FD-BA2A-19EB92497CBA}.LIB Debug|Win32.ActiveCfg = LIB Debug|Win32
		{A526C299-DBA5-47FD-BA2A-19EB92497CBA}.LIB Debug|Win32.Build.0 = LIB Debug|Win32
		{A526C299-DBA5-47FD-BA2A-19EB92497CBA}.LIB Release|Win32.ActiveCfg = LIB Release|Win32
		{A526C299-DBA5-47FD-BA2A-19EB92497CBA}.LIB Release|Win32.Build.0 = LIB Release|Win32
		{A526C299-DBA5-47FD-BA2A-19EB92497CBA}.Release|Win32.ActiveCfg = LIB Release|Win32
		{A526C299-DBA5-47FD-BA2A-19EB92497CBA}.Release|Win32.Build.0 = LIB Release|Win32
		{C2066F94-8E00-4BC3-9FDD-02CF98AFFB68}.Debug|Win32.ActiveCfg = Debug|Win32
		{C2066F94-8E00-4BC3-9FDD-02CF98AFFB68}.Debug|Win32.Build.0 = Debug|Win32
		{C2066F94-8E00-4BC3-9FDD-02CF98AFFB68}.DLL ASM Debug|Win32.ActiveCfg = Debug|Win32
		{C2066F94-8E00-4BC3-9FDD-02CF98AFFB68}.DLL ASM Debug|Win32.Build.0 = Debug|Win32
		{C2066F94-8E00-4BC3-9FDD-02CF98AFFB68}.DLL ASM Release|Win32.ActiveCfg = Release|Win32
		{C2066F94-8E00-4BC3-9FDD-02CF98AFFB68}.DLL ASM Release|Win32.Build.0 = Release|Win32
		{C2066F94-8E00-4BC3-9FDD-02CF98AFFB68}.DLL Debug|Win32.ActiveCfg = Debug|Win32
		{C2066F94-8E00-4BC3-9FDD-02CF98AFFB68}.DLL Debug|Win32.Build.0 = Debug|Win32
		{C2066F94-8E00-4BC3-9FDD-02CF98AFFB68}.DLL Release|Win32.ActiveCfg = Release|Win32
		{C2066F94-8E00-4BC3-9FDD-02CF98AFFB68}.DLL Release|Win32.Build.0 = Release|Win32
		{C2066F94-8E00-4BC3-9FDD-02CF98AFFB68}.DLL VB|Win32.ActiveCfg = Debug|Win32
		{C2066F94-8E00-4BC3-9FDD-02CF98AFFB68}.DLL VB|Win32.Build.0 = Debug|Win32
		{C2066F94-8E00-4BC3-9FDD-02CF98AFFB68}.LIB ASM Debug|Win32.ActiveCfg = Debug|Win32
		{C2066F94-8E00-4BC3-9FDD-02CF98AFFB68}.LIB ASM Debug|Win32.Build.0 = Debug|Win32
		{C2066F94-8E00-4BC3-9FDD-02CF98AFFB68}.LIB ASM Release|Win32.ActiveCfg = Release|Win32
		{C2066F94-8E00-4BC3-9FDD-02CF98AFFB68}.LIB ASM Release|Win32.Build.0 = Release|Win32
		{C2066F94-8E00-4BC3-9FDD-02CF98AFFB68}.LIB Debug|Win32.ActiveCfg = Debug|Win32
		{C2066F94-8E00-4BC3-9FDD-02CF98AFFB68}.LIB Debug|Win32.Build.0 = Debug|Win32
		{C2066F94-8E00-4BC3-9FDD-02CF98AFFB68}.LIB Release|Win32.ActiveCfg = Release|Win32
		{C2066F94-8E00-4BC3-9FDD-02CF98AFFB68}.LIB Release|Win32.Build.0 = Release|Win32
		{C2066F94-8E00-4BC3-9FDD-02CF98AFFB68}.Release|Win32.ActiveCfg = Release|Win32
		{C2066F94-8E00-4BC3-9FDD-02CF98AFFB68}.Release|Win32.Build.0 = Release|Win32
	EndGlobalSection
	GlobalSection(SolutionProperties) = preSolution
		HideSolutionNode = FALSE
	EndGlobalSection
EndGlobal
