
Microsoft Visual Studio Solution File, Format Version 9.00
# Visual C++ Express 2005
Project("{8BC9CEB8-8B4A-11D0-8D11-00A0C91BC942}") = "jsode", "jsode.vcproj", "{F96A90A1-2DFB-4C89-BFEF-9B703D2A78EE}"
	ProjectSection(ProjectDependencies) = postProject
		{2E2480BA-6B42-944F-86C8-A179624F0A84} = {2E2480BA-6B42-944F-86C8-A179624F0A84}
	EndProjectSection
EndProject
Project("{8BC9CEB8-8B4A-11D0-8D11-00A0C91BC942}") = "ode", "..\ode\ode\build\vs2005\ode.vcproj", "{2E2480BA-6B42-944F-86C8-A179624F0A84}"
EndProject
Global
	GlobalSection(SolutionConfigurationPlatforms) = preSolution
		Debug|Win32 = Debug|Win32
		DebugDLL|Win32 = DebugDLL|Win32
		DebugLib|Win32 = DebugLib|Win32
		Release|Win32 = Release|Win32
		ReleaseDLL|Win32 = ReleaseDLL|Win32
		ReleaseLib|Win32 = ReleaseLib|Win32
	EndGlobalSection
	GlobalSection(ProjectConfigurationPlatforms) = postSolution
		{F96A90A1-2DFB-4C89-BFEF-9B703D2A78EE}.Debug|Win32.ActiveCfg = Debug|Win32
		{F96A90A1-2DFB-4C89-BFEF-9B703D2A78EE}.Debug|Win32.Build.0 = Debug|Win32
		{F96A90A1-2DFB-4C89-BFEF-9B703D2A78EE}.DebugDLL|Win32.ActiveCfg = Debug|Win32
		{F96A90A1-2DFB-4C89-BFEF-9B703D2A78EE}.DebugDLL|Win32.Build.0 = Debug|Win32
		{F96A90A1-2DFB-4C89-BFEF-9B703D2A78EE}.DebugLib|Win32.ActiveCfg = Debug|Win32
		{F96A90A1-2DFB-4C89-BFEF-9B703D2A78EE}.DebugLib|Win32.Build.0 = Debug|Win32
		{F96A90A1-2DFB-4C89-BFEF-9B703D2A78EE}.Release|Win32.ActiveCfg = Release|Win32
		{F96A90A1-2DFB-4C89-BFEF-9B703D2A78EE}.Release|Win32.Build.0 = Release|Win32
		{F96A90A1-2DFB-4C89-BFEF-9B703D2A78EE}.ReleaseDLL|Win32.ActiveCfg = Release|Win32
		{F96A90A1-2DFB-4C89-BFEF-9B703D2A78EE}.ReleaseDLL|Win32.Build.0 = Release|Win32
		{F96A90A1-2DFB-4C89-BFEF-9B703D2A78EE}.ReleaseLib|Win32.ActiveCfg = Release|Win32
		{F96A90A1-2DFB-4C89-BFEF-9B703D2A78EE}.ReleaseLib|Win32.Build.0 = Release|Win32
		{2E2480BA-6B42-944F-86C8-A179624F0A84}.Debug|Win32.ActiveCfg = DebugLib|Win32
		{2E2480BA-6B42-944F-86C8-A179624F0A84}.Debug|Win32.Build.0 = DebugLib|Win32
		{2E2480BA-6B42-944F-86C8-A179624F0A84}.DebugDLL|Win32.ActiveCfg = DebugDLL|Win32
		{2E2480BA-6B42-944F-86C8-A179624F0A84}.DebugDLL|Win32.Build.0 = DebugDLL|Win32
		{2E2480BA-6B42-944F-86C8-A179624F0A84}.DebugLib|Win32.ActiveCfg = DebugLib|Win32
		{2E2480BA-6B42-944F-86C8-A179624F0A84}.DebugLib|Win32.Build.0 = DebugLib|Win32
		{2E2480BA-6B42-944F-86C8-A179624F0A84}.Release|Win32.ActiveCfg = ReleaseLib|Win32
		{2E2480BA-6B42-944F-86C8-A179624F0A84}.Release|Win32.Build.0 = ReleaseLib|Win32
		{2E2480BA-6B42-944F-86C8-A179624F0A84}.ReleaseDLL|Win32.ActiveCfg = ReleaseDLL|Win32
		{2E2480BA-6B42-944F-86C8-A179624F0A84}.ReleaseDLL|Win32.Build.0 = ReleaseDLL|Win32
		{2E2480BA-6B42-944F-86C8-A179624F0A84}.ReleaseLib|Win32.ActiveCfg = ReleaseLib|Win32
		{2E2480BA-6B42-944F-86C8-A179624F0A84}.ReleaseLib|Win32.Build.0 = ReleaseLib|Win32
	EndGlobalSection
	GlobalSection(SolutionProperties) = preSolution
		HideSolutionNode = FALSE
	EndGlobalSection
EndGlobal
