
Microsoft Visual Studio Solution File, Format Version 9.00
# Visual C++ Express 2005
Project("{8BC9CEB8-8B4A-11D0-8D11-00A0C91BC942}") = "jsode", "jsode.vcproj", "{F96A90A1-2DFB-4C89-BFEF-9B703D2A78EE}"
	ProjectSection(ProjectDependencies) = postProject
		{7C9D4D4E-C904-AE41-B384-C5557518A804} = {7C9D4D4E-C904-AE41-B384-C5557518A804}
		{35128DFB-6C49-4E4C-AC5E-9948F01282B3} = {35128DFB-6C49-4E4C-AC5E-9948F01282B3}
	EndProjectSection
EndProject
Project("{8BC9CEB8-8B4A-11D0-8D11-00A0C91BC942}") = "ode", "..\ode\src\build\vs2005\ode.vcproj", "{7C9D4D4E-C904-AE41-B384-C5557518A804}"
EndProject
Project("{8BC9CEB8-8B4A-11D0-8D11-00A0C91BC942}") = "configuration", "..\configuration\configuration.vcproj", "{35128DFB-6C49-4E4C-AC5E-9948F01282B3}"
EndProject
Global
	GlobalSection(SolutionConfigurationPlatforms) = preSolution
		Debug|Win32 = Debug|Win32
		DebugDLL|Win32 = DebugDLL|Win32
		DebugLib|Win32 = DebugLib|Win32
		Release|Win32 = Release|Win32
		ReleaseDLL|Win32 = ReleaseDLL|Win32
		ReleaseLib|Win32 = ReleaseLib|Win32
	EndGlobalSection
	GlobalSection(ProjectConfigurationPlatforms) = postSolution
		{F96A90A1-2DFB-4C89-BFEF-9B703D2A78EE}.Debug|Win32.ActiveCfg = Debug|Win32
		{F96A90A1-2DFB-4C89-BFEF-9B703D2A78EE}.Debug|Win32.Build.0 = Debug|Win32
		{F96A90A1-2DFB-4C89-BFEF-9B703D2A78EE}.DebugDLL|Win32.ActiveCfg = Debug|Win32
		{F96A90A1-2DFB-4C89-BFEF-9B703D2A78EE}.DebugDLL|Win32.Build.0 = Debug|Win32
		{F96A90A1-2DFB-4C89-BFEF-9B703D2A78EE}.DebugLib|Win32.ActiveCfg = Debug|Win32
		{F96A90A1-2DFB-4C89-BFEF-9B703D2A78EE}.DebugLib|Win32.Build.0 = Debug|Win32
		{F96A90A1-2DFB-4C89-BFEF-9B703D2A78EE}.Release|Win32.ActiveCfg = Release|Win32
		{F96A90A1-2DFB-4C89-BFEF-9B703D2A78EE}.Release|Win32.Build.0 = Release|Win32
		{F96A90A1-2DFB-4C89-BFEF-9B703D2A78EE}.ReleaseDLL|Win32.ActiveCfg = Release|Win32
		{F96A90A1-2DFB-4C89-BFEF-9B703D2A78EE}.ReleaseDLL|Win32.Build.0 = Release|Win32
		{F96A90A1-2DFB-4C89-BFEF-9B703D2A78EE}.ReleaseLib|Win32.ActiveCfg = Release|Win32
		{F96A90A1-2DFB-4C89-BFEF-9B703D2A78EE}.ReleaseLib|Win32.Build.0 = Release|Win32
		{7C9D4D4E-C904-AE41-B384-C5557518A804}.Debug|Win32.ActiveCfg = DebugLib|Win32
		{7C9D4D4E-C904-AE41-B384-C5557518A804}.Debug|Win32.Build.0 = DebugLib|Win32
		{7C9D4D4E-C904-AE41-B384-C5557518A804}.DebugDLL|Win32.ActiveCfg = DebugDLL|Win32
		{7C9D4D4E-C904-AE41-B384-C5557518A804}.DebugDLL|Win32.Build.0 = DebugDLL|Win32
		{7C9D4D4E-C904-AE41-B384-C5557518A804}.DebugLib|Win32.ActiveCfg = DebugLib|Win32
		{7C9D4D4E-C904-AE41-B384-C5557518A804}.DebugLib|Win32.Build.0 = DebugLib|Win32
		{7C9D4D4E-C904-AE41-B384-C5557518A804}.Release|Win32.ActiveCfg = ReleaseLib|Win32
		{7C9D4D4E-C904-AE41-B384-C5557518A804}.Release|Win32.Build.0 = ReleaseLib|Win32
		{7C9D4D4E-C904-AE41-B384-C5557518A804}.ReleaseDLL|Win32.ActiveCfg = ReleaseDLL|Win32
		{7C9D4D4E-C904-AE41-B384-C5557518A804}.ReleaseDLL|Win32.Build.0 = ReleaseDLL|Win32
		{7C9D4D4E-C904-AE41-B384-C5557518A804}.ReleaseLib|Win32.ActiveCfg = ReleaseLib|Win32
		{7C9D4D4E-C904-AE41-B384-C5557518A804}.ReleaseLib|Win32.Build.0 = ReleaseLib|Win32
		{35128DFB-6C49-4E4C-AC5E-9948F01282B3}.Debug|Win32.ActiveCfg = Debug|Win32
		{35128DFB-6C49-4E4C-AC5E-9948F01282B3}.Debug|Win32.Build.0 = Debug|Win32
		{35128DFB-6C49-4E4C-AC5E-9948F01282B3}.DebugDLL|Win32.ActiveCfg = Debug|Win32
		{35128DFB-6C49-4E4C-AC5E-9948F01282B3}.DebugDLL|Win32.Build.0 = Debug|Win32
		{35128DFB-6C49-4E4C-AC5E-9948F01282B3}.DebugLib|Win32.ActiveCfg = Debug|Win32
		{35128DFB-6C49-4E4C-AC5E-9948F01282B3}.DebugLib|Win32.Build.0 = Debug|Win32
		{35128DFB-6C49-4E4C-AC5E-9948F01282B3}.Release|Win32.ActiveCfg = Release|Win32
		{35128DFB-6C49-4E4C-AC5E-9948F01282B3}.Release|Win32.Build.0 = Release|Win32
		{35128DFB-6C49-4E4C-AC5E-9948F01282B3}.ReleaseDLL|Win32.ActiveCfg = Release|Win32
		{35128DFB-6C49-4E4C-AC5E-9948F01282B3}.ReleaseDLL|Win32.Build.0 = Release|Win32
		{35128DFB-6C49-4E4C-AC5E-9948F01282B3}.ReleaseLib|Win32.ActiveCfg = Release|Win32
		{35128DFB-6C49-4E4C-AC5E-9948F01282B3}.ReleaseLib|Win32.Build.0 = Release|Win32
	EndGlobalSection
	GlobalSection(SolutionProperties) = preSolution
		HideSolutionNode = FALSE
	EndGlobalSection
EndGlobal
