
Microsoft Visual Studio Solution File, Format Version 11.00
# Visual C++ Express 2010
Project("{8BC9CEB8-8B4A-11D0-8D11-00A0C91BC942}") = "jswinhost", "jswinhost.vcxproj", "{98728E89-FF4F-4A74-A508-07FBA279783B}"
EndProject
Project("{8BC9CEB8-8B4A-11D0-8D11-00A0C91BC942}") = "host", "..\host\host.vcxproj", "{22775C92-2F7C-407A-B01F-D8520E9F3452}"
EndProject
Project("{8BC9CEB8-8B4A-11D0-8D11-00A0C91BC942}") = "jslang", "..\jslang\jslang.vcxproj", "{F432DBF2-5EF1-4EE9-A98D-03CD47287C11}"
EndProject
Project("{8BC9CEB8-8B4A-11D0-8D11-00A0C91BC942}") = "resources", "resources.vcxproj", "{D3BA293E-8AAC-4EE9-8171-56FE198FB40B}"
EndProject
Project("{8BC9CEB8-8B4A-11D0-8D11-00A0C91BC942}") = "fileToCRes", "..\tools\fileToCRes.vcxproj", "{7993EFA2-8340-46DB-9781-936E28989A6D}"
EndProject
Project("{8BC9CEB8-8B4A-11D0-8D11-00A0C91BC942}") = "jsScriptToXDR", "..\tools\jsScriptToXDR.vcxproj", "{85EC7E4D-7386-41F5-BFC7-15E6FF3DAC2A}"
EndProject
Project("{8BC9CEB8-8B4A-11D0-8D11-00A0C91BC942}") = "libtcmalloc_minimal", "..\..\libs\perftools\libtcmalloc_minimal.vcxproj", "{55E2B3AE-3CA1-4DB6-97F7-0A044D6F446F}"
EndProject
Project("{8BC9CEB8-8B4A-11D0-8D11-00A0C91BC942}") = "nedmalloc", "..\..\libs\nedmalloc\nedmalloc.vcxproj", "{40D6D565-27B8-4691-8ADA-DF3BF4EC5A4D}"
EndProject
Global
	GlobalSection(SolutionConfigurationPlatforms) = preSolution
		DBG|Win32 = DBG|Win32
		OPT|Win32 = OPT|Win32
	EndGlobalSection
	GlobalSection(ProjectConfigurationPlatforms) = postSolution
		{98728E89-FF4F-4A74-A508-07FBA279783B}.DBG|Win32.ActiveCfg = DBG|Win32
		{98728E89-FF4F-4A74-A508-07FBA279783B}.DBG|Win32.Build.0 = DBG|Win32
		{98728E89-FF4F-4A74-A508-07FBA279783B}.OPT|Win32.ActiveCfg = OPT|Win32
		{98728E89-FF4F-4A74-A508-07FBA279783B}.OPT|Win32.Build.0 = OPT|Win32
		{22775C92-2F7C-407A-B01F-D8520E9F3452}.DBG|Win32.ActiveCfg = DBG|Win32
		{22775C92-2F7C-407A-B01F-D8520E9F3452}.DBG|Win32.Build.0 = DBG|Win32
		{22775C92-2F7C-407A-B01F-D8520E9F3452}.OPT|Win32.ActiveCfg = OPT|Win32
		{22775C92-2F7C-407A-B01F-D8520E9F3452}.OPT|Win32.Build.0 = OPT|Win32
		{F432DBF2-5EF1-4EE9-A98D-03CD47287C11}.DBG|Win32.ActiveCfg = DBG|Win32
		{F432DBF2-5EF1-4EE9-A98D-03CD47287C11}.DBG|Win32.Build.0 = DBG|Win32
		{F432DBF2-5EF1-4EE9-A98D-03CD47287C11}.OPT|Win32.ActiveCfg = OPT|Win32
		{F432DBF2-5EF1-4EE9-A98D-03CD47287C11}.OPT|Win32.Build.0 = OPT|Win32
		{D3BA293E-8AAC-4EE9-8171-56FE198FB40B}.DBG|Win32.ActiveCfg = DBG|Win32
		{D3BA293E-8AAC-4EE9-8171-56FE198FB40B}.DBG|Win32.Build.0 = DBG|Win32
		{D3BA293E-8AAC-4EE9-8171-56FE198FB40B}.OPT|Win32.ActiveCfg = OPT|Win32
		{D3BA293E-8AAC-4EE9-8171-56FE198FB40B}.OPT|Win32.Build.0 = OPT|Win32
		{7993EFA2-8340-46DB-9781-936E28989A6D}.DBG|Win32.ActiveCfg = DBG|Win32
		{7993EFA2-8340-46DB-9781-936E28989A6D}.DBG|Win32.Build.0 = DBG|Win32
		{7993EFA2-8340-46DB-9781-936E28989A6D}.OPT|Win32.ActiveCfg = OPT|Win32
		{7993EFA2-8340-46DB-9781-936E28989A6D}.OPT|Win32.Build.0 = OPT|Win32
		{85EC7E4D-7386-41F5-BFC7-15E6FF3DAC2A}.DBG|Win32.ActiveCfg = DBG|Win32
		{85EC7E4D-7386-41F5-BFC7-15E6FF3DAC2A}.DBG|Win32.Build.0 = DBG|Win32
		{85EC7E4D-7386-41F5-BFC7-15E6FF3DAC2A}.OPT|Win32.ActiveCfg = OPT|Win32
		{85EC7E4D-7386-41F5-BFC7-15E6FF3DAC2A}.OPT|Win32.Build.0 = OPT|Win32
		{55E2B3AE-3CA1-4DB6-97F7-0A044D6F446F}.DBG|Win32.ActiveCfg = Debug|Win32
		{55E2B3AE-3CA1-4DB6-97F7-0A044D6F446F}.DBG|Win32.Build.0 = Debug|Win32
		{55E2B3AE-3CA1-4DB6-97F7-0A044D6F446F}.OPT|Win32.ActiveCfg = Release|Win32
		{55E2B3AE-3CA1-4DB6-97F7-0A044D6F446F}.OPT|Win32.Build.0 = Release|Win32
		{40D6D565-27B8-4691-8ADA-DF3BF4EC5A4D}.DBG|Win32.ActiveCfg = Debug|Win32
		{40D6D565-27B8-4691-8ADA-DF3BF4EC5A4D}.DBG|Win32.Build.0 = Debug|Win32
		{40D6D565-27B8-4691-8ADA-DF3BF4EC5A4D}.OPT|Win32.ActiveCfg = Release|Win32
		{40D6D565-27B8-4691-8ADA-DF3BF4EC5A4D}.OPT|Win32.Build.0 = Release|Win32
	EndGlobalSection
	GlobalSection(SolutionProperties) = preSolution
		HideSolutionNode = FALSE
	EndGlobalSection
EndGlobal
