
Microsoft Visual Studio Solution File, Format Version 10.00
# Visual C++ Express 2008
Project("{8BC9CEB8-8B4A-11D0-8D11-00A0C91BC942}") = "jsdebug", "jsdebug.vcproj", "{44B9FE93-DEAA-4092-B97A-57950336F765}"
EndProject
Global
	GlobalSection(SolutionConfigurationPlatforms) = preSolution
		DBG|Win32 = DBG|Win32
		OPT|Win32 = OPT|Win32
	EndGlobalSection
	GlobalSection(ProjectConfigurationPlatforms) = postSolution
		{44B9FE93-DEAA-4092-B97A-57950336F765}.DBG|Win32.ActiveCfg = DBG|Win32
		{44B9FE93-DEAA-4092-B97A-57950336F765}.DBG|Win32.Build.0 = DBG|Win32
		{44B9FE93-DEAA-4092-B97A-57950336F765}.OPT|Win32.ActiveCfg = OPT|Win32
		{44B9FE93-DEAA-4092-B97A-57950336F765}.OPT|Win32.Build.0 = OPT|Win32
	EndGlobalSection
	GlobalSection(SolutionProperties) = preSolution
		HideSolutionNode = FALSE
	EndGlobalSection
EndGlobal
