
Microsoft Visual Studio Solution File, Format Version 10.00
# Visual C++ Express 2008
Project("{8BC9CEB8-8B4A-11D0-8D11-00A0C91BC942}") = "jsz", "jsz.vcproj", "{F00B77DF-185B-4F30-B71C-5D9786D76D94}"
	ProjectSection(ProjectDependencies) = postProject
		{B9898A5A-A1D6-4DBB-87F6-609F97BD7848} = {B9898A5A-A1D6-4DBB-87F6-609F97BD7848}
		{66C5B9C7-74B1-4BF8-89CF-DB2BC6D5E60E} = {66C5B9C7-74B1-4BF8-89CF-DB2BC6D5E60E}
	EndProjectSection
EndProject
Project("{8BC9CEB8-8B4A-11D0-8D11-00A0C91BC942}") = "zlib", "..\..\libs\zlib\zlib.vcproj", "{B9898A5A-A1D6-4DBB-87F6-609F97BD7848}"
EndProject
Project("{8BC9CEB8-8B4A-11D0-8D11-00A0C91BC942}") = "unzip", "..\..\libs\unzip\unzip.vcproj", "{66C5B9C7-74B1-4BF8-89CF-DB2BC6D5E60E}"
	ProjectSection(ProjectDependencies) = postProject
		{B9898A5A-A1D6-4DBB-87F6-609F97BD7848} = {B9898A5A-A1D6-4DBB-87F6-609F97BD7848}
	EndProjectSection
EndProject
Global
	GlobalSection(SolutionConfigurationPlatforms) = preSolution
		DBG|Win32 = DBG|Win32
		Debug|Win32 = Debug|Win32
		OPT|Win32 = OPT|Win32
		Release|Win32 = Release|Win32
	EndGlobalSection
	GlobalSection(ProjectConfigurationPlatforms) = postSolution
		{F00B77DF-185B-4F30-B71C-5D9786D76D94}.DBG|Win32.ActiveCfg = DBG|Win32
		{F00B77DF-185B-4F30-B71C-5D9786D76D94}.DBG|Win32.Build.0 = DBG|Win32
		{F00B77DF-185B-4F30-B71C-5D9786D76D94}.Debug|Win32.ActiveCfg = DBG|Win32
		{F00B77DF-185B-4F30-B71C-5D9786D76D94}.Debug|Win32.Build.0 = DBG|Win32
		{F00B77DF-185B-4F30-B71C-5D9786D76D94}.OPT|Win32.ActiveCfg = OPT|Win32
		{F00B77DF-185B-4F30-B71C-5D9786D76D94}.OPT|Win32.Build.0 = OPT|Win32
		{F00B77DF-185B-4F30-B71C-5D9786D76D94}.Release|Win32.ActiveCfg = OPT|Win32
		{F00B77DF-185B-4F30-B71C-5D9786D76D94}.Release|Win32.Build.0 = OPT|Win32
		{B9898A5A-A1D6-4DBB-87F6-609F97BD7848}.DBG|Win32.ActiveCfg = LIB Debug|Win32
		{B9898A5A-A1D6-4DBB-87F6-609F97BD7848}.DBG|Win32.Build.0 = LIB Debug|Win32
		{B9898A5A-A1D6-4DBB-87F6-609F97BD7848}.Debug|Win32.ActiveCfg = LIB Debug|Win32
		{B9898A5A-A1D6-4DBB-87F6-609F97BD7848}.Debug|Win32.Build.0 = LIB Debug|Win32
		{B9898A5A-A1D6-4DBB-87F6-609F97BD7848}.OPT|Win32.ActiveCfg = LIB Release|Win32
		{B9898A5A-A1D6-4DBB-87F6-609F97BD7848}.OPT|Win32.Build.0 = LIB Release|Win32
		{B9898A5A-A1D6-4DBB-87F6-609F97BD7848}.Release|Win32.ActiveCfg = LIB Release|Win32
		{B9898A5A-A1D6-4DBB-87F6-609F97BD7848}.Release|Win32.Build.0 = LIB Release|Win32
		{66C5B9C7-74B1-4BF8-89CF-DB2BC6D5E60E}.DBG|Win32.ActiveCfg = Debug|Win32
		{66C5B9C7-74B1-4BF8-89CF-DB2BC6D5E60E}.DBG|Win32.Build.0 = Debug|Win32
		{66C5B9C7-74B1-4BF8-89CF-DB2BC6D5E60E}.Debug|Win32.ActiveCfg = Debug|Win32
		{66C5B9C7-74B1-4BF8-89CF-DB2BC6D5E60E}.Debug|Win32.Build.0 = Debug|Win32
		{66C5B9C7-74B1-4BF8-89CF-DB2BC6D5E60E}.OPT|Win32.ActiveCfg = Release|Win32
		{66C5B9C7-74B1-4BF8-89CF-DB2BC6D5E60E}.OPT|Win32.Build.0 = Release|Win32
		{66C5B9C7-74B1-4BF8-89CF-DB2BC6D5E60E}.Release|Win32.ActiveCfg = Release|Win32
		{66C5B9C7-74B1-4BF8-89CF-DB2BC6D5E60E}.Release|Win32.Build.0 = Release|Win32
	EndGlobalSection
	GlobalSection(SolutionProperties) = preSolution
		HideSolutionNode = FALSE
	EndGlobalSection
EndGlobal
