
Microsoft Visual Studio Solution File, Format Version 9.00
# Visual C++ Express 2005
Project("{8BC9CEB8-8B4A-11D0-8D11-00A0C91BC942}") = "jssqlite", "jssqlite.vcproj", "{594ABF19-EE5F-4143-9C79-3D9DD6478C80}"
	ProjectSection(ProjectDependencies) = postProject
		{164DEEF9-C9CF-47C7-AC81-53C65DD5F9D4} = {164DEEF9-C9CF-47C7-AC81-53C65DD5F9D4}
		{35128DFB-6C49-4E4C-AC5E-9948F01282B3} = {35128DFB-6C49-4E4C-AC5E-9948F01282B3}
	EndProjectSection
EndProject
Project("{8BC9CEB8-8B4A-11D0-8D11-00A0C91BC942}") = "sqlite", "..\sqlite\sqlite.vcproj", "{164DEEF9-C9CF-47C7-AC81-53C65DD5F9D4}"
EndProject
Project("{8BC9CEB8-8B4A-11D0-8D11-00A0C91BC942}") = "configuration", "..\configuration\configuration.vcproj", "{35128DFB-6C49-4E4C-AC5E-9948F01282B3}"
EndProject
Global
	GlobalSection(SolutionConfigurationPlatforms) = preSolution
		Debug|Win32 = Debug|Win32
		Release|Win32 = Release|Win32
	EndGlobalSection
	GlobalSection(ProjectConfigurationPlatforms) = postSolution
		{594ABF19-EE5F-4143-9C79-3D9DD6478C80}.Debug|Win32.ActiveCfg = Debug|Win32
		{594ABF19-EE5F-4143-9C79-3D9DD6478C80}.Debug|Win32.Build.0 = Debug|Win32
		{594ABF19-EE5F-4143-9C79-3D9DD6478C80}.Release|Win32.ActiveCfg = Release|Win32
		{594ABF19-EE5F-4143-9C79-3D9DD6478C80}.Release|Win32.Build.0 = Release|Win32
		{164DEEF9-C9CF-47C7-AC81-53C65DD5F9D4}.Debug|Win32.ActiveCfg = Debug|Win32
		{164DEEF9-C9CF-47C7-AC81-53C65DD5F9D4}.Debug|Win32.Build.0 = Debug|Win32
		{164DEEF9-C9CF-47C7-AC81-53C65DD5F9D4}.Release|Win32.ActiveCfg = Release|Win32
		{164DEEF9-C9CF-47C7-AC81-53C65DD5F9D4}.Release|Win32.Build.0 = Release|Win32
		{35128DFB-6C49-4E4C-AC5E-9948F01282B3}.Debug|Win32.ActiveCfg = Debug|Win32
		{35128DFB-6C49-4E4C-AC5E-9948F01282B3}.Debug|Win32.Build.0 = Debug|Win32
		{35128DFB-6C49-4E4C-AC5E-9948F01282B3}.Release|Win32.ActiveCfg = Release|Win32
		{35128DFB-6C49-4E4C-AC5E-9948F01282B3}.Release|Win32.Build.0 = Release|Win32
	EndGlobalSection
	GlobalSection(SolutionProperties) = preSolution
		HideSolutionNode = FALSE
	EndGlobalSection
EndGlobal
