
Microsoft Visual Studio Solution File, Format Version 9.00
# Visual C++ Express 2005
Project("{8BC9CEB8-8B4A-11D0-8D11-00A0C91BC942}") = "jsjabber", "jsjabber.vcproj", "{C94E91F2-6211-4623-A835-C3C18791848C}"
	ProjectSection(ProjectDependencies) = postProject
		{2A086A4F-5F97-4499-B1CD-F3C3EBE58DBA} = {2A086A4F-5F97-4499-B1CD-F3C3EBE58DBA}
	EndProjectSection
EndProject
Project("{8BC9CEB8-8B4A-11D0-8D11-00A0C91BC942}") = "gloox", "..\..\libs\gloox\gloox.vcproj", "{2A086A4F-5F97-4499-B1CD-F3C3EBE58DBA}"
	ProjectSection(ProjectDependencies) = postProject
		{B9898A5A-A1D6-4DBB-87F6-609F97BD7848} = {B9898A5A-A1D6-4DBB-87F6-609F97BD7848}
	EndProjectSection
EndProject
Project("{8BC9CEB8-8B4A-11D0-8D11-00A0C91BC942}") = "zlib", "..\..\libs\zlib\zlib.vcproj", "{B9898A5A-A1D6-4DBB-87F6-609F97BD7848}"
EndProject
Global
	GlobalSection(SolutionConfigurationPlatforms) = preSolution
		DBG|Win32 = DBG|Win32
		Debug|Win32 = Debug|Win32
		DLL ASM Debug|Win32 = DLL ASM Debug|Win32
		DLL ASM Release|Win32 = DLL ASM Release|Win32
		DLL Debug|Win32 = DLL Debug|Win32
		DLL Release|Win32 = DLL Release|Win32
		LIB ASM Debug|Win32 = LIB ASM Debug|Win32
		LIB ASM Release|Win32 = LIB ASM Release|Win32
		LIB Debug|Win32 = LIB Debug|Win32
		LIB Release|Win32 = LIB Release|Win32
		OPT|Win32 = OPT|Win32
		Release|Win32 = Release|Win32
	EndGlobalSection
	GlobalSection(ProjectConfigurationPlatforms) = postSolution
		{C94E91F2-6211-4623-A835-C3C18791848C}.DBG|Win32.ActiveCfg = DBG|Win32
		{C94E91F2-6211-4623-A835-C3C18791848C}.DBG|Win32.Build.0 = DBG|Win32
		{C94E91F2-6211-4623-A835-C3C18791848C}.Debug|Win32.ActiveCfg = DBG|Win32
		{C94E91F2-6211-4623-A835-C3C18791848C}.Debug|Win32.Build.0 = DBG|Win32
		{C94E91F2-6211-4623-A835-C3C18791848C}.DLL ASM Debug|Win32.ActiveCfg = DBG|Win32
		{C94E91F2-6211-4623-A835-C3C18791848C}.DLL ASM Debug|Win32.Build.0 = DBG|Win32
		{C94E91F2-6211-4623-A835-C3C18791848C}.DLL ASM Release|Win32.ActiveCfg = DBG|Win32
		{C94E91F2-6211-4623-A835-C3C18791848C}.DLL ASM Release|Win32.Build.0 = DBG|Win32
		{C94E91F2-6211-4623-A835-C3C18791848C}.DLL Debug|Win32.ActiveCfg = DBG|Win32
		{C94E91F2-6211-4623-A835-C3C18791848C}.DLL Debug|Win32.Build.0 = DBG|Win32
		{C94E91F2-6211-4623-A835-C3C18791848C}.DLL Release|Win32.ActiveCfg = DBG|Win32
		{C94E91F2-6211-4623-A835-C3C18791848C}.DLL Release|Win32.Build.0 = DBG|Win32
		{C94E91F2-6211-4623-A835-C3C18791848C}.LIB ASM Debug|Win32.ActiveCfg = OPT|Win32
		{C94E91F2-6211-4623-A835-C3C18791848C}.LIB ASM Debug|Win32.Build.0 = OPT|Win32
		{C94E91F2-6211-4623-A835-C3C18791848C}.LIB ASM Release|Win32.ActiveCfg = OPT|Win32
		{C94E91F2-6211-4623-A835-C3C18791848C}.LIB ASM Release|Win32.Build.0 = OPT|Win32
		{C94E91F2-6211-4623-A835-C3C18791848C}.LIB Debug|Win32.ActiveCfg = OPT|Win32
		{C94E91F2-6211-4623-A835-C3C18791848C}.LIB Debug|Win32.Build.0 = OPT|Win32
		{C94E91F2-6211-4623-A835-C3C18791848C}.LIB Release|Win32.ActiveCfg = OPT|Win32
		{C94E91F2-6211-4623-A835-C3C18791848C}.LIB Release|Win32.Build.0 = OPT|Win32
		{C94E91F2-6211-4623-A835-C3C18791848C}.OPT|Win32.ActiveCfg = OPT|Win32
		{C94E91F2-6211-4623-A835-C3C18791848C}.OPT|Win32.Build.0 = OPT|Win32
		{C94E91F2-6211-4623-A835-C3C18791848C}.Release|Win32.ActiveCfg = OPT|Win32
		{C94E91F2-6211-4623-A835-C3C18791848C}.Release|Win32.Build.0 = OPT|Win32
		{2A086A4F-5F97-4499-B1CD-F3C3EBE58DBA}.DBG|Win32.ActiveCfg = Debug|Win32
		{2A086A4F-5F97-4499-B1CD-F3C3EBE58DBA}.DBG|Win32.Build.0 = Debug|Win32
		{2A086A4F-5F97-4499-B1CD-F3C3EBE58DBA}.Debug|Win32.ActiveCfg = Debug|Win32
		{2A086A4F-5F97-4499-B1CD-F3C3EBE58DBA}.Debug|Win32.Build.0 = Debug|Win32
		{2A086A4F-5F97-4499-B1CD-F3C3EBE58DBA}.DLL ASM Debug|Win32.ActiveCfg = Debug|Win32
		{2A086A4F-5F97-4499-B1CD-F3C3EBE58DBA}.DLL ASM Debug|Win32.Build.0 = Debug|Win32
		{2A086A4F-5F97-4499-B1CD-F3C3EBE58DBA}.DLL ASM Release|Win32.ActiveCfg = Release|Win32
		{2A086A4F-5F97-4499-B1CD-F3C3EBE58DBA}.DLL ASM Release|Win32.Build.0 = Release|Win32
		{2A086A4F-5F97-4499-B1CD-F3C3EBE58DBA}.DLL Debug|Win32.ActiveCfg = Debug|Win32
		{2A086A4F-5F97-4499-B1CD-F3C3EBE58DBA}.DLL Debug|Win32.Build.0 = Debug|Win32
		{2A086A4F-5F97-4499-B1CD-F3C3EBE58DBA}.DLL Release|Win32.ActiveCfg = Release|Win32
		{2A086A4F-5F97-4499-B1CD-F3C3EBE58DBA}.DLL Release|Win32.Build.0 = Release|Win32
		{2A086A4F-5F97-4499-B1CD-F3C3EBE58DBA}.LIB ASM Debug|Win32.ActiveCfg = Debug|Win32
		{2A086A4F-5F97-4499-B1CD-F3C3EBE58DBA}.LIB ASM Debug|Win32.Build.0 = Debug|Win32
		{2A086A4F-5F97-4499-B1CD-F3C3EBE58DBA}.LIB ASM Release|Win32.ActiveCfg = Release|Win32
		{2A086A4F-5F97-4499-B1CD-F3C3EBE58DBA}.LIB ASM Release|Win32.Build.0 = Release|Win32
		{2A086A4F-5F97-4499-B1CD-F3C3EBE58DBA}.LIB Debug|Win32.ActiveCfg = Debug|Win32
		{2A086A4F-5F97-4499-B1CD-F3C3EBE58DBA}.LIB Debug|Win32.Build.0 = Debug|Win32
		{2A086A4F-5F97-4499-B1CD-F3C3EBE58DBA}.LIB Release|Win32.ActiveCfg = Release|Win32
		{2A086A4F-5F97-4499-B1CD-F3C3EBE58DBA}.LIB Release|Win32.Build.0 = Release|Win32
		{2A086A4F-5F97-4499-B1CD-F3C3EBE58DBA}.OPT|Win32.ActiveCfg = Release|Win32
		{2A086A4F-5F97-4499-B1CD-F3C3EBE58DBA}.OPT|Win32.Build.0 = Release|Win32
		{2A086A4F-5F97-4499-B1CD-F3C3EBE58DBA}.Release|Win32.ActiveCfg = Release|Win32
		{2A086A4F-5F97-4499-B1CD-F3C3EBE58DBA}.Release|Win32.Build.0 = Release|Win32
		{B9898A5A-A1D6-4DBB-87F6-609F97BD7848}.DBG|Win32.ActiveCfg = LIB Debug|Win32
		{B9898A5A-A1D6-4DBB-87F6-609F97BD7848}.DBG|Win32.Build.0 = LIB Debug|Win32
		{B9898A5A-A1D6-4DBB-87F6-609F97BD7848}.Debug|Win32.ActiveCfg = DLL Debug|Win32
		{B9898A5A-A1D6-4DBB-87F6-609F97BD7848}.Debug|Win32.Build.0 = DLL Debug|Win32
		{B9898A5A-A1D6-4DBB-87F6-609F97BD7848}.DLL ASM Debug|Win32.ActiveCfg = DLL ASM Debug|Win32
		{B9898A5A-A1D6-4DBB-87F6-609F97BD7848}.DLL ASM Debug|Win32.Build.0 = DLL ASM Debug|Win32
		{B9898A5A-A1D6-4DBB-87F6-609F97BD7848}.DLL ASM Release|Win32.ActiveCfg = DLL ASM Release|Win32
		{B9898A5A-A1D6-4DBB-87F6-609F97BD7848}.DLL ASM Release|Win32.Build.0 = DLL ASM Release|Win32
		{B9898A5A-A1D6-4DBB-87F6-609F97BD7848}.DLL Debug|Win32.ActiveCfg = DLL Debug|Win32
		{B9898A5A-A1D6-4DBB-87F6-609F97BD7848}.DLL Debug|Win32.Build.0 = DLL Debug|Win32
		{B9898A5A-A1D6-4DBB-87F6-609F97BD7848}.DLL Release|Win32.ActiveCfg = DLL Release|Win32
		{B9898A5A-A1D6-4DBB-87F6-609F97BD7848}.DLL Release|Win32.Build.0 = DLL Release|Win32
		{B9898A5A-A1D6-4DBB-87F6-609F97BD7848}.LIB ASM Debug|Win32.ActiveCfg = LIB ASM Debug|Win32
		{B9898A5A-A1D6-4DBB-87F6-609F97BD7848}.LIB ASM Debug|Win32.Build.0 = LIB ASM Debug|Win32
		{B9898A5A-A1D6-4DBB-87F6-609F97BD7848}.LIB ASM Release|Win32.ActiveCfg = LIB ASM Release|Win32
		{B9898A5A-A1D6-4DBB-87F6-609F97BD7848}.LIB ASM Release|Win32.Build.0 = LIB ASM Release|Win32
		{B9898A5A-A1D6-4DBB-87F6-609F97BD7848}.LIB Debug|Win32.ActiveCfg = LIB Debug|Win32
		{B9898A5A-A1D6-4DBB-87F6-609F97BD7848}.LIB Debug|Win32.Build.0 = LIB Debug|Win32
		{B9898A5A-A1D6-4DBB-87F6-609F97BD7848}.LIB Release|Win32.ActiveCfg = LIB Release|Win32
		{B9898A5A-A1D6-4DBB-87F6-609F97BD7848}.LIB Release|Win32.Build.0 = LIB Release|Win32
		{B9898A5A-A1D6-4DBB-87F6-609F97BD7848}.OPT|Win32.ActiveCfg = LIB Release|Win32
		{B9898A5A-A1D6-4DBB-87F6-609F97BD7848}.OPT|Win32.Build.0 = LIB Release|Win32
		{B9898A5A-A1D6-4DBB-87F6-609F97BD7848}.Release|Win32.ActiveCfg = LIB ASM Release|Win32
		{B9898A5A-A1D6-4DBB-87F6-609F97BD7848}.Release|Win32.Build.0 = LIB ASM Release|Win32
	EndGlobalSection
	GlobalSection(SolutionProperties) = preSolution
		HideSolutionNode = FALSE
	EndGlobalSection
EndGlobal
