
Microsoft Visual Studio Solution File, Format Version 9.00
# Visual C++ Express 2005
Project("{8BC9CEB8-8B4A-11D0-8D11-00A0C91BC942}") = "jsz", "jsz.vcproj", "{F00B77DF-185B-4F30-B71C-5D9786D76D94}"
	ProjectSection(ProjectDependencies) = postProject
		{D3C4F764-027A-4510-A24E-EBEF33214E12} = {D3C4F764-027A-4510-A24E-EBEF33214E12}
	EndProjectSection
EndProject
Project("{8BC9CEB8-8B4A-11D0-8D11-00A0C91BC942}") = "zlib", "..\zlib\src\projects\visualc6\zlib.vcproj", "{D3C4F764-027A-4510-A24E-EBEF33214E12}"
EndProject
Global
	GlobalSection(SolutionConfigurationPlatforms) = preSolution
		Debug|Win32 = Debug|Win32
		DLL ASM Debug|Win32 = DLL ASM Debug|Win32
		DLL ASM Release|Win32 = DLL ASM Release|Win32
		DLL Debug|Win32 = DLL Debug|Win32
		DLL Release|Win32 = DLL Release|Win32
		LIB ASM Debug|Win32 = LIB ASM Debug|Win32
		LIB ASM Release|Win32 = LIB ASM Release|Win32
		LIB Debug|Win32 = LIB Debug|Win32
		LIB Release|Win32 = LIB Release|Win32
		Release|Win32 = Release|Win32
	EndGlobalSection
	GlobalSection(ProjectConfigurationPlatforms) = postSolution
		{F00B77DF-185B-4F30-B71C-5D9786D76D94}.Debug|Win32.ActiveCfg = Debug|Win32
		{F00B77DF-185B-4F30-B71C-5D9786D76D94}.Debug|Win32.Build.0 = Debug|Win32
		{F00B77DF-185B-4F30-B71C-5D9786D76D94}.DLL ASM Debug|Win32.ActiveCfg = Debug|Win32
		{F00B77DF-185B-4F30-B71C-5D9786D76D94}.DLL ASM Debug|Win32.Build.0 = Debug|Win32
		{F00B77DF-185B-4F30-B71C-5D9786D76D94}.DLL ASM Release|Win32.ActiveCfg = Release|Win32
		{F00B77DF-185B-4F30-B71C-5D9786D76D94}.DLL ASM Release|Win32.Build.0 = Release|Win32
		{F00B77DF-185B-4F30-B71C-5D9786D76D94}.DLL Debug|Win32.ActiveCfg = Debug|Win32
		{F00B77DF-185B-4F30-B71C-5D9786D76D94}.DLL Debug|Win32.Build.0 = Debug|Win32
		{F00B77DF-185B-4F30-B71C-5D9786D76D94}.DLL Release|Win32.ActiveCfg = Release|Win32
		{F00B77DF-185B-4F30-B71C-5D9786D76D94}.DLL Release|Win32.Build.0 = Release|Win32
		{F00B77DF-185B-4F30-B71C-5D9786D76D94}.LIB ASM Debug|Win32.ActiveCfg = Debug|Win32
		{F00B77DF-185B-4F30-B71C-5D9786D76D94}.LIB ASM Debug|Win32.Build.0 = Debug|Win32
		{F00B77DF-185B-4F30-B71C-5D9786D76D94}.LIB ASM Release|Win32.ActiveCfg = Release|Win32
		{F00B77DF-185B-4F30-B71C-5D9786D76D94}.LIB ASM Release|Win32.Build.0 = Release|Win32
		{F00B77DF-185B-4F30-B71C-5D9786D76D94}.LIB Debug|Win32.ActiveCfg = Debug|Win32
		{F00B77DF-185B-4F30-B71C-5D9786D76D94}.LIB Debug|Win32.Build.0 = Debug|Win32
		{F00B77DF-185B-4F30-B71C-5D9786D76D94}.LIB Release|Win32.ActiveCfg = Release|Win32
		{F00B77DF-185B-4F30-B71C-5D9786D76D94}.LIB Release|Win32.Build.0 = Release|Win32
		{F00B77DF-185B-4F30-B71C-5D9786D76D94}.Release|Win32.ActiveCfg = Release|Win32
		{F00B77DF-185B-4F30-B71C-5D9786D76D94}.Release|Win32.Build.0 = Release|Win32
		{D3C4F764-027A-4510-A24E-EBEF33214E12}.Debug|Win32.ActiveCfg = LIB Debug|Win32
		{D3C4F764-027A-4510-A24E-EBEF33214E12}.Debug|Win32.Build.0 = LIB Debug|Win32
		{D3C4F764-027A-4510-A24E-EBEF33214E12}.DLL ASM Debug|Win32.ActiveCfg = DLL ASM Debug|Win32
		{D3C4F764-027A-4510-A24E-EBEF33214E12}.DLL ASM Debug|Win32.Build.0 = DLL ASM Debug|Win32
		{D3C4F764-027A-4510-A24E-EBEF33214E12}.DLL ASM Release|Win32.ActiveCfg = DLL ASM Release|Win32
		{D3C4F764-027A-4510-A24E-EBEF33214E12}.DLL ASM Release|Win32.Build.0 = DLL ASM Release|Win32
		{D3C4F764-027A-4510-A24E-EBEF33214E12}.DLL Debug|Win32.ActiveCfg = DLL Debug|Win32
		{D3C4F764-027A-4510-A24E-EBEF33214E12}.DLL Debug|Win32.Build.0 = DLL Debug|Win32
		{D3C4F764-027A-4510-A24E-EBEF33214E12}.DLL Release|Win32.ActiveCfg = DLL Release|Win32
		{D3C4F764-027A-4510-A24E-EBEF33214E12}.DLL Release|Win32.Build.0 = DLL Release|Win32
		{D3C4F764-027A-4510-A24E-EBEF33214E12}.LIB ASM Debug|Win32.ActiveCfg = LIB ASM Debug|Win32
		{D3C4F764-027A-4510-A24E-EBEF33214E12}.LIB ASM Debug|Win32.Build.0 = LIB ASM Debug|Win32
		{D3C4F764-027A-4510-A24E-EBEF33214E12}.LIB ASM Release|Win32.ActiveCfg = LIB ASM Release|Win32
		{D3C4F764-027A-4510-A24E-EBEF33214E12}.LIB ASM Release|Win32.Build.0 = LIB ASM Release|Win32
		{D3C4F764-027A-4510-A24E-EBEF33214E12}.LIB Debug|Win32.ActiveCfg = LIB Debug|Win32
		{D3C4F764-027A-4510-A24E-EBEF33214E12}.LIB Debug|Win32.Build.0 = LIB Debug|Win32
		{D3C4F764-027A-4510-A24E-EBEF33214E12}.LIB Release|Win32.ActiveCfg = LIB Release|Win32
		{D3C4F764-027A-4510-A24E-EBEF33214E12}.LIB Release|Win32.Build.0 = LIB Release|Win32
		{D3C4F764-027A-4510-A24E-EBEF33214E12}.Release|Win32.ActiveCfg = LIB Release|Win32
		{D3C4F764-027A-4510-A24E-EBEF33214E12}.Release|Win32.Build.0 = LIB Release|Win32
	EndGlobalSection
	GlobalSection(SolutionProperties) = preSolution
		HideSolutionNode = FALSE
	EndGlobalSection
EndGlobal
