
Microsoft Visual Studio Solution File, Format Version 9.00
# Visual C++ Express 2005
Project("{8BC9CEB8-8B4A-11D0-8D11-00A0C91BC942}") = "jsgraphics", "jsgraphics.vcproj", "{851DCD7A-4730-4FA5-82E8-38A7EFED8064}"
EndProject
Global
	GlobalSection(SolutionConfigurationPlatforms) = preSolution
		DBG|Win32 = DBG|Win32
		OPT|Win32 = OPT|Win32
	EndGlobalSection
	GlobalSection(ProjectConfigurationPlatforms) = postSolution
		{851DCD7A-4730-4FA5-82E8-38A7EFED8064}.DBG|Win32.ActiveCfg = DBG|Win32
		{851DCD7A-4730-4FA5-82E8-38A7EFED8064}.DBG|Win32.Build.0 = DBG|Win32
		{851DCD7A-4730-4FA5-82E8-38A7EFED8064}.OPT|Win32.ActiveCfg = OPT|Win32
		{851DCD7A-4730-4FA5-82E8-38A7EFED8064}.OPT|Win32.Build.0 = OPT|Win32
	EndGlobalSection
	GlobalSection(SolutionProperties) = preSolution
		HideSolutionNode = FALSE
	EndGlobalSection
EndGlobal
