
Microsoft Visual Studio Solution File, Format Version 10.00
# Visual C++ Express 2008
Project("{8BC9CEB8-8B4A-11D0-8D11-00A0C91BC942}") = "jssvg", "jssvg.vcproj", "{0CCF430F-3FE7-40DC-9D67-A1302E20621E}"
	ProjectSection(ProjectDependencies) = postProject
		{CEFA1472-D84C-4774-9DC0-58725FF8C86B} = {CEFA1472-D84C-4774-9DC0-58725FF8C86B}
		{96E9258A-8812-4C08-96C7-7D8C0D00940B} = {96E9258A-8812-4C08-96C7-7D8C0D00940B}
		{F172EFFC-E30F-4593-809E-DB2024B1E753} = {F172EFFC-E30F-4593-809E-DB2024B1E753}
	EndProjectSection
EndProject
Project("{8BC9CEB8-8B4A-11D0-8D11-00A0C91BC942}") = "libxml2", "..\..\libs\libxml2\libxml2.vcproj", "{3B962275-ED9F-4274-8F6D-166FDBEA2BF1}"
	ProjectSection(ProjectDependencies) = postProject
		{B9898A5A-A1D6-4DBB-87F6-609F97BD7848} = {B9898A5A-A1D6-4DBB-87F6-609F97BD7848}
	EndProjectSection
EndProject
Project("{8BC9CEB8-8B4A-11D0-8D11-00A0C91BC942}") = "librsvg", "..\..\libs\librsvg\librsvg.vcproj", "{96E9258A-8812-4C08-96C7-7D8C0D00940B}"
	ProjectSection(ProjectDependencies) = postProject
		{12BCA020-EABF-429E-876A-A476BC9C10C0} = {12BCA020-EABF-429E-876A-A476BC9C10C0}
		{36BA3E56-75C7-44E9-8F38-6141B1D01BF8} = {36BA3E56-75C7-44E9-8F38-6141B1D01BF8}
		{B9898A5A-A1D6-4DBB-87F6-609F97BD7848} = {B9898A5A-A1D6-4DBB-87F6-609F97BD7848}
		{CEFA1472-D84C-4774-9DC0-58725FF8C86B} = {CEFA1472-D84C-4774-9DC0-58725FF8C86B}
		{3B962275-ED9F-4274-8F6D-166FDBEA2BF1} = {3B962275-ED9F-4274-8F6D-166FDBEA2BF1}
		{78B079BD-9FC7-4B9E-B4A6-96DA0F00248B} = {78B079BD-9FC7-4B9E-B4A6-96DA0F00248B}
		{1C4819C2-9052-44C9-9C5A-CBA5CA765EB0} = {1C4819C2-9052-44C9-9C5A-CBA5CA765EB0}
	EndProjectSection
EndProject
Project("{8BC9CEB8-8B4A-11D0-8D11-00A0C91BC942}") = "gdk-pixbuf", "..\..\libs\gdk-pixbuf\gdk-pixbuf.vcproj", "{CEFA1472-D84C-4774-9DC0-58725FF8C86B}"
	ProjectSection(ProjectDependencies) = postProject
		{F172EFFC-E30F-4593-809E-DB2024B1E753} = {F172EFFC-E30F-4593-809E-DB2024B1E753}
	EndProjectSection
EndProject
Project("{8BC9CEB8-8B4A-11D0-8D11-00A0C91BC942}") = "glib", "..\..\libs\glib\glib.vcproj", "{12BCA020-EABF-429E-876A-A476BC9C10C0}"
	ProjectSection(ProjectDependencies) = postProject
		{3B962275-ED9F-4274-8F6D-166FDBEA2BF1} = {3B962275-ED9F-4274-8F6D-166FDBEA2BF1}
	EndProjectSection
EndProject
Project("{8BC9CEB8-8B4A-11D0-8D11-00A0C91BC942}") = "gobject", "..\..\libs\glib\gobject.vcproj", "{F172EFFC-E30F-4593-809E-DB2024B1E753}"
	ProjectSection(ProjectDependencies) = postProject
		{12BCA020-EABF-429E-876A-A476BC9C10C0} = {12BCA020-EABF-429E-876A-A476BC9C10C0}
	EndProjectSection
EndProject
Project("{8BC9CEB8-8B4A-11D0-8D11-00A0C91BC942}") = "cairo", "..\..\libs\cairo\cairo.vcproj", "{1C4819C2-9052-44C9-9C5A-CBA5CA765EB0}"
	ProjectSection(ProjectDependencies) = postProject
		{89866077-161F-4C82-AE9E-8F32EBA1E693} = {89866077-161F-4C82-AE9E-8F32EBA1E693}
		{78B079BD-9FC7-4B9E-B4A6-96DA0F00248B} = {78B079BD-9FC7-4B9E-B4A6-96DA0F00248B}
		{A52236DE-C5FF-4E14-8FBA-BCEE34291408} = {A52236DE-C5FF-4E14-8FBA-BCEE34291408}
	EndProjectSection
EndProject
Project("{8BC9CEB8-8B4A-11D0-8D11-00A0C91BC942}") = "zlib", "..\..\libs\zlib\zlib.vcproj", "{B9898A5A-A1D6-4DBB-87F6-609F97BD7848}"
EndProject
Project("{8BC9CEB8-8B4A-11D0-8D11-00A0C91BC942}") = "pango", "..\..\libs\pango\pango.vcproj", "{36BA3E56-75C7-44E9-8F38-6141B1D01BF8}"
	ProjectSection(ProjectDependencies) = postProject
		{4214047C-F5C1-40B3-8369-5DCED8C32770} = {4214047C-F5C1-40B3-8369-5DCED8C32770}
		{78B079BD-9FC7-4B9E-B4A6-96DA0F00248B} = {78B079BD-9FC7-4B9E-B4A6-96DA0F00248B}
		{A52236DE-C5FF-4E14-8FBA-BCEE34291408} = {A52236DE-C5FF-4E14-8FBA-BCEE34291408}
		{F172EFFC-E30F-4593-809E-DB2024B1E753} = {F172EFFC-E30F-4593-809E-DB2024B1E753}
	EndProjectSection
EndProject
Project("{8BC9CEB8-8B4A-11D0-8D11-00A0C91BC942}") = "fontconfig-msvc", "..\..\libs\fontconfig-msvc\fontconfig-msvc.vcproj", "{A52236DE-C5FF-4E14-8FBA-BCEE34291408}"
	ProjectSection(ProjectDependencies) = postProject
		{3B962275-ED9F-4274-8F6D-166FDBEA2BF1} = {3B962275-ED9F-4274-8F6D-166FDBEA2BF1}
	EndProjectSection
EndProject
Project("{8BC9CEB8-8B4A-11D0-8D11-00A0C91BC942}") = "freetype", "..\..\libs\freetype\freetype.vcproj", "{78B079BD-9FC7-4B9E-B4A6-96DA0F00248B}"
EndProject
Project("{8BC9CEB8-8B4A-11D0-8D11-00A0C91BC942}") = "pixman", "..\..\libs\pixman\pixman.vcproj", "{89866077-161F-4C82-AE9E-8F32EBA1E693}"
EndProject
Project("{8BC9CEB8-8B4A-11D0-8D11-00A0C91BC942}") = "gmodule", "..\..\libs\glib\gmodule.vcproj", "{4214047C-F5C1-40B3-8369-5DCED8C32770}"
	ProjectSection(ProjectDependencies) = postProject
		{12BCA020-EABF-429E-876A-A476BC9C10C0} = {12BCA020-EABF-429E-876A-A476BC9C10C0}
	EndProjectSection
EndProject
Global
	GlobalSection(SolutionConfigurationPlatforms) = preSolution
		DBG|Win32 = DBG|Win32
		OPT|Win32 = OPT|Win32
	EndGlobalSection
	GlobalSection(ProjectConfigurationPlatforms) = postSolution
		{0CCF430F-3FE7-40DC-9D67-A1302E20621E}.DBG|Win32.ActiveCfg = DBG|Win32
		{0CCF430F-3FE7-40DC-9D67-A1302E20621E}.DBG|Win32.Build.0 = DBG|Win32
		{0CCF430F-3FE7-40DC-9D67-A1302E20621E}.OPT|Win32.ActiveCfg = OPT|Win32
		{0CCF430F-3FE7-40DC-9D67-A1302E20621E}.OPT|Win32.Build.0 = OPT|Win32
		{3B962275-ED9F-4274-8F6D-166FDBEA2BF1}.DBG|Win32.ActiveCfg = DBG|Win32
		{3B962275-ED9F-4274-8F6D-166FDBEA2BF1}.DBG|Win32.Build.0 = DBG|Win32
		{3B962275-ED9F-4274-8F6D-166FDBEA2BF1}.OPT|Win32.ActiveCfg = OPT|Win32
		{3B962275-ED9F-4274-8F6D-166FDBEA2BF1}.OPT|Win32.Build.0 = OPT|Win32
		{96E9258A-8812-4C08-96C7-7D8C0D00940B}.DBG|Win32.ActiveCfg = Debug|Win32
		{96E9258A-8812-4C08-96C7-7D8C0D00940B}.DBG|Win32.Build.0 = Debug|Win32
		{96E9258A-8812-4C08-96C7-7D8C0D00940B}.OPT|Win32.ActiveCfg = Release|Win32
		{96E9258A-8812-4C08-96C7-7D8C0D00940B}.OPT|Win32.Build.0 = Release|Win32
		{CEFA1472-D84C-4774-9DC0-58725FF8C86B}.DBG|Win32.ActiveCfg = Debug|Win32
		{CEFA1472-D84C-4774-9DC0-58725FF8C86B}.DBG|Win32.Build.0 = Debug|Win32
		{CEFA1472-D84C-4774-9DC0-58725FF8C86B}.OPT|Win32.ActiveCfg = Release|Win32
		{CEFA1472-D84C-4774-9DC0-58725FF8C86B}.OPT|Win32.Build.0 = Release|Win32
		{12BCA020-EABF-429E-876A-A476BC9C10C0}.DBG|Win32.ActiveCfg = Debug|Win32
		{12BCA020-EABF-429E-876A-A476BC9C10C0}.DBG|Win32.Build.0 = Debug|Win32
		{12BCA020-EABF-429E-876A-A476BC9C10C0}.OPT|Win32.ActiveCfg = Release|Win32
		{12BCA020-EABF-429E-876A-A476BC9C10C0}.OPT|Win32.Build.0 = Release|Win32
		{F172EFFC-E30F-4593-809E-DB2024B1E753}.DBG|Win32.ActiveCfg = Debug|Win32
		{F172EFFC-E30F-4593-809E-DB2024B1E753}.DBG|Win32.Build.0 = Debug|Win32
		{F172EFFC-E30F-4593-809E-DB2024B1E753}.OPT|Win32.ActiveCfg = Release|Win32
		{F172EFFC-E30F-4593-809E-DB2024B1E753}.OPT|Win32.Build.0 = Release|Win32
		{1C4819C2-9052-44C9-9C5A-CBA5CA765EB0}.DBG|Win32.ActiveCfg = Debug|Win32
		{1C4819C2-9052-44C9-9C5A-CBA5CA765EB0}.DBG|Win32.Build.0 = Debug|Win32
		{1C4819C2-9052-44C9-9C5A-CBA5CA765EB0}.OPT|Win32.ActiveCfg = Release|Win32
		{1C4819C2-9052-44C9-9C5A-CBA5CA765EB0}.OPT|Win32.Build.0 = Release|Win32
		{B9898A5A-A1D6-4DBB-87F6-609F97BD7848}.DBG|Win32.ActiveCfg = LIB Debug|Win32
		{B9898A5A-A1D6-4DBB-87F6-609F97BD7848}.DBG|Win32.Build.0 = LIB Debug|Win32
		{B9898A5A-A1D6-4DBB-87F6-609F97BD7848}.OPT|Win32.ActiveCfg = LIB Release|Win32
		{B9898A5A-A1D6-4DBB-87F6-609F97BD7848}.OPT|Win32.Build.0 = LIB Release|Win32
		{36BA3E56-75C7-44E9-8F38-6141B1D01BF8}.DBG|Win32.ActiveCfg = Debug|Win32
		{36BA3E56-75C7-44E9-8F38-6141B1D01BF8}.DBG|Win32.Build.0 = Debug|Win32
		{36BA3E56-75C7-44E9-8F38-6141B1D01BF8}.OPT|Win32.ActiveCfg = Release|Win32
		{36BA3E56-75C7-44E9-8F38-6141B1D01BF8}.OPT|Win32.Build.0 = Release|Win32
		{A52236DE-C5FF-4E14-8FBA-BCEE34291408}.DBG|Win32.ActiveCfg = Debug|Win32
		{A52236DE-C5FF-4E14-8FBA-BCEE34291408}.DBG|Win32.Build.0 = Debug|Win32
		{A52236DE-C5FF-4E14-8FBA-BCEE34291408}.OPT|Win32.ActiveCfg = Release|Win32
		{A52236DE-C5FF-4E14-8FBA-BCEE34291408}.OPT|Win32.Build.0 = Release|Win32
		{78B079BD-9FC7-4B9E-B4A6-96DA0F00248B}.DBG|Win32.ActiveCfg = Debug|Win32
		{78B079BD-9FC7-4B9E-B4A6-96DA0F00248B}.DBG|Win32.Build.0 = Debug|Win32
		{78B079BD-9FC7-4B9E-B4A6-96DA0F00248B}.OPT|Win32.ActiveCfg = Release|Win32
		{78B079BD-9FC7-4B9E-B4A6-96DA0F00248B}.OPT|Win32.Build.0 = Release|Win32
		{89866077-161F-4C82-AE9E-8F32EBA1E693}.DBG|Win32.ActiveCfg = Debug|Win32
		{89866077-161F-4C82-AE9E-8F32EBA1E693}.DBG|Win32.Build.0 = Debug|Win32
		{89866077-161F-4C82-AE9E-8F32EBA1E693}.OPT|Win32.ActiveCfg = Release|Win32
		{89866077-161F-4C82-AE9E-8F32EBA1E693}.OPT|Win32.Build.0 = Release|Win32
		{4214047C-F5C1-40B3-8369-5DCED8C32770}.DBG|Win32.ActiveCfg = Debug|Win32
		{4214047C-F5C1-40B3-8369-5DCED8C32770}.DBG|Win32.Build.0 = Debug|Win32
		{4214047C-F5C1-40B3-8369-5DCED8C32770}.OPT|Win32.ActiveCfg = Release|Win32
		{4214047C-F5C1-40B3-8369-5DCED8C32770}.OPT|Win32.Build.0 = Release|Win32
	EndGlobalSection
	GlobalSection(SolutionProperties) = preSolution
		HideSolutionNode = FALSE
	EndGlobalSection
EndGlobal
